// !$*UTF8*$!
{
	archiveVersion = 1;
	classes = {
	};
	objectVersion = 46;
	objects = {

/* Begin PBXBuildFile section */
		E30D84191B9FC50B005897E6 /* FakeAdView.swift in Sources */ = {isa = PBXBuildFile; fileRef = E30D84181B9FC50B005897E6 /* FakeAdView.swift */; };
		E30D841B1B9FC8A8005897E6 /* SexRankView.xib in Resources */ = {isa = PBXBuildFile; fileRef = E30D841A1B9FC8A8005897E6 /* SexRankView.xib */; };
		E30D841D1B9FCB36005897E6 /* SexRankView.swift in Sources */ = {isa = PBXBuildFile; fileRef = E30D841C1B9FCB36005897E6 /* SexRankView.swift */; };
		E30D84211BA1145A005897E6 /* SexRankController.swift in Sources */ = {isa = PBXBuildFile; fileRef = E30D84201BA1145A005897E6 /* SexRankController.swift */; };
		E30D84261BA118A3005897E6 /* Ranks.plist in Resources */ = {isa = PBXBuildFile; fileRef = E30D84251BA118A3005897E6 /* Ranks.plist */; };
		E30D84281BA214DF005897E6 /* DataBackedTableViewController.swift in Sources */ = {isa = PBXBuildFile; fileRef = E30D84271BA214DF005897E6 /* DataBackedTableViewController.swift */; };
		E30D842A1BA21A7D005897E6 /* SexTrackerHistoryViewController.swift in Sources */ = {isa = PBXBuildFile; fileRef = E30D84291BA21A7D005897E6 /* SexTrackerHistoryViewController.swift */; };
		E30D842D1BA3A608005897E6 /* SexHistoryTableViewCell.swift in Sources */ = {isa = PBXBuildFile; fileRef = E30D842C1BA3A608005897E6 /* SexHistoryTableViewCell.swift */; };
		E30D842F1BA3AD7A005897E6 /* DateUtils.swift in Sources */ = {isa = PBXBuildFile; fileRef = E30D842E1BA3AD7A005897E6 /* DateUtils.swift */; };
		E337F58B199B0FB400C417D0 /* SBGoalsViewController.m in Sources */ = {isa = PBXBuildFile; fileRef = E337F58A199B0FB400C417D0 /* SBGoalsViewController.m */; };
		E337F58E199B125500C417D0 /* User.m in Sources */ = {isa = PBXBuildFile; fileRef = E337F58D199B125500C417D0 /* User.m */; };
		E337F593199C361400C417D0 /* SFGaugeView.m in Sources */ = {isa = PBXBuildFile; fileRef = E337F592199C361400C417D0 /* SFGaugeView.m */; };
		E337F596199C3C5700C417D0 /* SBRewardsViewController.m in Sources */ = {isa = PBXBuildFile; fileRef = E337F595199C3C5700C417D0 /* SBRewardsViewController.m */; };
		E337F599199C452400C417D0 /* SBNewEventViewController.m in Sources */ = {isa = PBXBuildFile; fileRef = E337F598199C452400C417D0 /* SBNewEventViewController.m */; };
		E33C0604199AF59500C9AD10 /* AppState.m in Sources */ = {isa = PBXBuildFile; fileRef = E33C0603199AF59500C9AD10 /* AppState.m */; };
		E33C0626199AFE5200C9AD10 /* UIBorderedButton.m in Sources */ = {isa = PBXBuildFile; fileRef = E33C0624199AFE5200C9AD10 /* UIBorderedButton.m */; };
		E33C0629199AFF3600C9AD10 /* SBQuizViewController.m in Sources */ = {isa = PBXBuildFile; fileRef = E33C0628199AFF3600C9AD10 /* SBQuizViewController.m */; };
		E33C062C199B06FE00C9AD10 /* UIPickerField.m in Sources */ = {isa = PBXBuildFile; fileRef = E33C062A199B06FE00C9AD10 /* UIPickerField.m */; };
		E33C062F199B073000C9AD10 /* SBProfileViewController.m in Sources */ = {isa = PBXBuildFile; fileRef = E33C062E199B073000C9AD10 /* SBProfileViewController.m */; };
		E33D4C691BB1C10D002B0DB9 /* AlphaChallenges.xcassets in Resources */ = {isa = PBXBuildFile; fileRef = E33D4C681BB1C10D002B0DB9 /* AlphaChallenges.xcassets */; };
		E33D4C6C1C0639DB002B0DB9 /* ChallengeCompleteViewController.swift in Sources */ = {isa = PBXBuildFile; fileRef = E33D4C6B1C0639DB002B0DB9 /* ChallengeCompleteViewController.swift */; };
		E34878991BA8F4BB00F69E63 /* CheckBox.swift in Sources */ = {isa = PBXBuildFile; fileRef = E34878981BA8F4BB00F69E63 /* CheckBox.swift */; };
		E3502A611BB2326700CBFB86 /* ChallengeCheckpointViewController.swift in Sources */ = {isa = PBXBuildFile; fileRef = E3502A601BB2326700CBFB86 /* ChallengeCheckpointViewController.swift */; };
		E36C9D1B1B98EE0B00DBBF5A /* SexTrackerViewController.swift in Sources */ = {isa = PBXBuildFile; fileRef = E36C9D1A1B98EE0B00DBBF5A /* SexTrackerViewController.swift */; };
		E36C9D1F1B98F94500DBBF5A /* Novecentowide-Light-webfont.ttf in Resources */ = {isa = PBXBuildFile; fileRef = E36C9D1E1B98F94500DBBF5A /* Novecentowide-Light-webfont.ttf */; };
		E36C9D211B990A4F00DBBF5A /* FeatherSlider.swift in Sources */ = {isa = PBXBuildFile; fileRef = E36C9D201B990A4F00DBBF5A /* FeatherSlider.swift */; };
		E36C9D231B992C6700DBBF5A /* PushNoAnimationSegue.swift in Sources */ = {isa = PBXBuildFile; fileRef = E36C9D221B992C6700DBBF5A /* PushNoAnimationSegue.swift */; };
		E36C9D271B992D5300DBBF5A /* AppController.swift in Sources */ = {isa = PBXBuildFile; fileRef = E36C9D261B992D5300DBBF5A /* AppController.swift */; };
		E36C9D2A1B99334000DBBF5A /* SlidingOverlayPresentationController.swift in Sources */ = {isa = PBXBuildFile; fileRef = E36C9D291B99334000DBBF5A /* SlidingOverlayPresentationController.swift */; };
		E36C9D2D1B9939AE00DBBF5A /* SlidingOverlayAnimator.swift in Sources */ = {isa = PBXBuildFile; fileRef = E36C9D2C1B9939AE00DBBF5A /* SlidingOverlayAnimator.swift */; };
		E36C9D2F1B993C5300DBBF5A /* SlidingOverlayTransitioningDelegate.swift in Sources */ = {isa = PBXBuildFile; fileRef = E36C9D2E1B993C5300DBBF5A /* SlidingOverlayTransitioningDelegate.swift */; };
		E36C9D311B99487900DBBF5A /* MenuViewController.swift in Sources */ = {isa = PBXBuildFile; fileRef = E36C9D301B99487900DBBF5A /* MenuViewController.swift */; };
		E36C9D361B9A405C00DBBF5A /* BouncyOverlayTransitioningDelegate.swift in Sources */ = {isa = PBXBuildFile; fileRef = E36C9D331B9A405C00DBBF5A /* BouncyOverlayTransitioningDelegate.swift */; };
		E36C9D371B9A405C00DBBF5A /* BouncyOverlayPresentationController.swift in Sources */ = {isa = PBXBuildFile; fileRef = E36C9D341B9A405C00DBBF5A /* BouncyOverlayPresentationController.swift */; };
		E36C9D381B9A405C00DBBF5A /* BouncyViewControllerAnimator.swift in Sources */ = {isa = PBXBuildFile; fileRef = E36C9D351B9A405C00DBBF5A /* BouncyViewControllerAnimator.swift */; };
		E36C9D3A1B9A407E00DBBF5A /* ModalBackgroundView.swift in Sources */ = {isa = PBXBuildFile; fileRef = E36C9D391B9A407E00DBBF5A /* ModalBackgroundView.swift */; };
		E36C9D3D1B9A504B00DBBF5A /* GoalModalViewController.swift in Sources */ = {isa = PBXBuildFile; fileRef = E36C9D3C1B9A504B00DBBF5A /* GoalModalViewController.swift */; };
		E36C9D3F1B9A562B00DBBF5A /* SBTextField.swift in Sources */ = {isa = PBXBuildFile; fileRef = E36C9D3E1B9A562B00DBBF5A /* SBTextField.swift */; };
		E36C9D421B9A6A2F00DBBF5A /* SBUser.swift in Sources */ = {isa = PBXBuildFile; fileRef = E36C9D411B9A6A2F00DBBF5A /* SBUser.swift */; };
		E36F4FDA1A77F866008EF6B6 /* Settings.bundle in Resources */ = {isa = PBXBuildFile; fileRef = E36F4FD91A77F866008EF6B6 /* Settings.bundle */; };
		E372FB811A8468C0008F9353 /* SB30DayProgramCell.m in Sources */ = {isa = PBXBuildFile; fileRef = E372FB801A8468C0008F9353 /* SB30DayProgramCell.m */; };
		E372FB851A8469C7008F9353 /* WTCircleImageView.m in Sources */ = {isa = PBXBuildFile; fileRef = E372FB841A8469C7008F9353 /* WTCircleImageView.m */; };
		E372FB871A846AC7008F9353 /* 30DayProgram.xcassets in Resources */ = {isa = PBXBuildFile; fileRef = E372FB861A846AC7008F9353 /* 30DayProgram.xcassets */; };
		E37F9E031BA7C08100B17895 /* DareIntroViewController.swift in Sources */ = {isa = PBXBuildFile; fileRef = E37F9E021BA7C08100B17895 /* DareIntroViewController.swift */; };
		E37F9E061BA86AA900B17895 /* NavControllerReplaceSegue.swift in Sources */ = {isa = PBXBuildFile; fileRef = E37F9E051BA86AA900B17895 /* NavControllerReplaceSegue.swift */; };
		E37F9E081BA86D4C00B17895 /* BaseSexyBackViewController.swift in Sources */ = {isa = PBXBuildFile; fileRef = E37F9E071BA86D4C00B17895 /* BaseSexyBackViewController.swift */; };
		E37F9E0A1BA8738900B17895 /* ChallengeDetailViewController.swift in Sources */ = {isa = PBXBuildFile; fileRef = E37F9E091BA8738900B17895 /* ChallengeDetailViewController.swift */; };
		E37F9E0C1BA8780500B17895 /* BorderedImageView.swift in Sources */ = {isa = PBXBuildFile; fileRef = E37F9E0B1BA8780500B17895 /* BorderedImageView.swift */; };
		E37F9E111BA8A20700B17895 /* ChallengeController.swift in Sources */ = {isa = PBXBuildFile; fileRef = E37F9E101BA8A20700B17895 /* ChallengeController.swift */; };
		E37F9E131BA8A66B00B17895 /* Challenges.plist in Resources */ = {isa = PBXBuildFile; fileRef = E37F9E121BA8A66B00B17895 /* Challenges.plist */; };
		E383B7E61A7739DC007FEE86 /* SBVideoTableViewCell.m in Sources */ = {isa = PBXBuildFile; fileRef = E383B7E51A7739DC007FEE86 /* SBVideoTableViewCell.m */; };
		E383B7E81A773A5A007FEE86 /* MediaPlayer.framework in Frameworks */ = {isa = PBXBuildFile; fileRef = E383B7E71A773A5A007FEE86 /* MediaPlayer.framework */; };
		E3A123961A733ECC00076722 /* SB30DayProgramsTableViewController.m in Sources */ = {isa = PBXBuildFile; fileRef = E3A123951A733ECB00076722 /* SB30DayProgramsTableViewController.m */; };
		E3A123991A73445200076722 /* SBProgramDetailTableViewController.m in Sources */ = {isa = PBXBuildFile; fileRef = E3A123981A73445200076722 /* SBProgramDetailTableViewController.m */; };
		E3A1239C1A734A9E00076722 /* SBSelfSizingTextViewTableViewCell.m in Sources */ = {isa = PBXBuildFile; fileRef = E3A1239B1A734A9E00076722 /* SBSelfSizingTextViewTableViewCell.m */; };
		E3BB26BB199AEFB30024D8EB /* NSObject+AlertHelper.m in Sources */ = {isa = PBXBuildFile; fileRef = E3BB26B0199AEFB30024D8EB /* NSObject+AlertHelper.m */; };
		E3BB26BC199AEFB30024D8EB /* NSString+Additions.m in Sources */ = {isa = PBXBuildFile; fileRef = E3BB26B2199AEFB30024D8EB /* NSString+Additions.m */; };
		E3BB26BD199AEFB30024D8EB /* UIDateField.m in Sources */ = {isa = PBXBuildFile; fileRef = E3BB26B4199AEFB30024D8EB /* UIDateField.m */; };
		E3BB26BE199AEFB30024D8EB /* UIDefaultAccessoryInputView.m in Sources */ = {isa = PBXBuildFile; fileRef = E3BB26B6199AEFB30024D8EB /* UIDefaultAccessoryInputView.m */; };
		E3BB26BF199AEFB30024D8EB /* UIFormTableViewController.m in Sources */ = {isa = PBXBuildFile; fileRef = E3BB26B8199AEFB30024D8EB /* UIFormTableViewController.m */; };
		E3BB26C0199AEFB30024D8EB /* UIFormViewController.m in Sources */ = {isa = PBXBuildFile; fileRef = E3BB26BA199AEFB30024D8EB /* UIFormViewController.m */; };
		E3CDE4F31BB7128800CDE3BA /* AlertViewController.swift in Sources */ = {isa = PBXBuildFile; fileRef = E3CDE4F21BB7128800CDE3BA /* AlertViewController.swift */; settings = {ASSET_TAGS = (); }; };
		E3CE29E719C6729A001B4ACD /* AudioToolbox.framework in Frameworks */ = {isa = PBXBuildFile; fileRef = E3CE29DF19C67299001B4ACD /* AudioToolbox.framework */; };
		E3CE29E819C6729A001B4ACD /* CFNetwork.framework in Frameworks */ = {isa = PBXBuildFile; fileRef = E3CE29E019C67299001B4ACD /* CFNetwork.framework */; };
		E3CE29E919C6729A001B4ACD /* libz.dylib in Frameworks */ = {isa = PBXBuildFile; fileRef = E3CE29E119C67299001B4ACD /* libz.dylib */; };
		E3CE29EA19C6729A001B4ACD /* MobileCoreServices.framework in Frameworks */ = {isa = PBXBuildFile; fileRef = E3CE29E219C67299001B4ACD /* MobileCoreServices.framework */; };
		E3CE29EB19C6729A001B4ACD /* QuartzCore.framework in Frameworks */ = {isa = PBXBuildFile; fileRef = E3CE29E319C67299001B4ACD /* QuartzCore.framework */; };
		E3CE29EC19C6729A001B4ACD /* Security.framework in Frameworks */ = {isa = PBXBuildFile; fileRef = E3CE29E419C67299001B4ACD /* Security.framework */; };
		E3CE29ED19C6729A001B4ACD /* StoreKit.framework in Frameworks */ = {isa = PBXBuildFile; fileRef = E3CE29E519C67299001B4ACD /* StoreKit.framework */; };
		E3CE29EE19C6729A001B4ACD /* SystemConfiguration.framework in Frameworks */ = {isa = PBXBuildFile; fileRef = E3CE29E619C6729A001B4ACD /* SystemConfiguration.framework */; };
		E3D1355A1A866649008DBE5D /* SBDareHistoryTableViewController.m in Sources */ = {isa = PBXBuildFile; fileRef = E3D135591A866649008DBE5D /* SBDareHistoryTableViewController.m */; };
		E3D1355D1A8667B4008DBE5D /* SBDareHistoryCell.m in Sources */ = {isa = PBXBuildFile; fileRef = E3D1355C1A8667B4008DBE5D /* SBDareHistoryCell.m */; };
		E3DE88E51B96902700500797 /* Bolts.framework in Frameworks */ = {isa = PBXBuildFile; fileRef = E3DE88E31B96902700500797 /* Bolts.framework */; };
		E3DE88E61B96902700500797 /* Parse.framework in Frameworks */ = {isa = PBXBuildFile; fileRef = E3DE88E41B96902700500797 /* Parse.framework */; };
		E3DE88EC1B9692B100500797 /* Main.storyboard in Resources */ = {isa = PBXBuildFile; fileRef = E3DE88EB1B9692B100500797 /* Main.storyboard */; };
		E3DE88EE1B9692C100500797 /* Launch Screen.xib in Resources */ = {isa = PBXBuildFile; fileRef = E3DE88ED1B9692C100500797 /* Launch Screen.xib */; };
		E3DE88F01B96931800500797 /* Media.xcassets in Resources */ = {isa = PBXBuildFile; fileRef = E3DE88EF1B96931800500797 /* Media.xcassets */; };
		E3DE88F21B9694E800500797 /* libsqlite3.0.dylib in Frameworks */ = {isa = PBXBuildFile; fileRef = E3DE88F11B9694E800500797 /* libsqlite3.0.dylib */; };
		E3DE88F71B96962500500797 /* HiViewController.swift in Sources */ = {isa = PBXBuildFile; fileRef = E3DE88F61B96962500500797 /* HiViewController.swift */; };
		E3DE88FC1B969C1D00500797 /* ProfileImageView.swift in Sources */ = {isa = PBXBuildFile; fileRef = E3DE88FB1B969C1D00500797 /* ProfileImageView.swift */; };
		E3DE89031B96A0D400500797 /* ArchedView.swift in Sources */ = {isa = PBXBuildFile; fileRef = E3DE89021B96A0D400500797 /* ArchedView.swift */; };
		E3DE89051B96A66E00500797 /* UIBorderedButton.swift in Sources */ = {isa = PBXBuildFile; fileRef = E3DE89041B96A66E00500797 /* UIBorderedButton.swift */; };
		E3F03CE719D19F0D00413547 /* SB30DayContentViewController.m in Sources */ = {isa = PBXBuildFile; fileRef = E3F03CE619D19F0D00413547 /* SB30DayContentViewController.m */; };
		E3F03CEA19D1A02900413547 /* SB30DayPageViewController.m in Sources */ = {isa = PBXBuildFile; fileRef = E3F03CE919D1A02900413547 /* SB30DayPageViewController.m */; };
		E3F5533B1998EBE000AE3A28 /* Foundation.framework in Frameworks */ = {isa = PBXBuildFile; fileRef = E3F5533A1998EBE000AE3A28 /* Foundation.framework */; };
		E3F5533D1998EBE000AE3A28 /* CoreGraphics.framework in Frameworks */ = {isa = PBXBuildFile; fileRef = E3F5533C1998EBE000AE3A28 /* CoreGraphics.framework */; };
		E3F5533F1998EBE000AE3A28 /* UIKit.framework in Frameworks */ = {isa = PBXBuildFile; fileRef = E3F5533E1998EBE000AE3A28 /* UIKit.framework */; };
		E3F553451998EBE000AE3A28 /* InfoPlist.strings in Resources */ = {isa = PBXBuildFile; fileRef = E3F553431998EBE000AE3A28 /* InfoPlist.strings */; };
		E3F553471998EBE000AE3A28 /* main.m in Sources */ = {isa = PBXBuildFile; fileRef = E3F553461998EBE000AE3A28 /* main.m */; };
		E3F5534B1998EBE000AE3A28 /* SBAppDelegate.m in Sources */ = {isa = PBXBuildFile; fileRef = E3F5534A1998EBE000AE3A28 /* SBAppDelegate.m */; };
		E3F5534E1998EBE000AE3A28 /* Main_iPhone.storyboard in Resources */ = {isa = PBXBuildFile; fileRef = E3F5534C1998EBE000AE3A28 /* Main_iPhone.storyboard */; };
		E3F553511998EBE000AE3A28 /* Main_iPad.storyboard in Resources */ = {isa = PBXBuildFile; fileRef = E3F5534F1998EBE000AE3A28 /* Main_iPad.storyboard */; };
		E3F553541998EBE000AE3A28 /* SBTrackViewController.m in Sources */ = {isa = PBXBuildFile; fileRef = E3F553531998EBE000AE3A28 /* SBTrackViewController.m */; };
		E3F553571998EBE000AE3A28 /* SBHotStuffViewController.m in Sources */ = {isa = PBXBuildFile; fileRef = E3F553561998EBE000AE3A28 /* SBHotStuffViewController.m */; };
		E3F553591998EBE000AE3A28 /* Images.xcassets in Resources */ = {isa = PBXBuildFile; fileRef = E3F553581998EBE000AE3A28 /* Images.xcassets */; };
		E3F553601998EBE000AE3A28 /* XCTest.framework in Frameworks */ = {isa = PBXBuildFile; fileRef = E3F5535F1998EBE000AE3A28 /* XCTest.framework */; };
		E3F553611998EBE000AE3A28 /* Foundation.framework in Frameworks */ = {isa = PBXBuildFile; fileRef = E3F5533A1998EBE000AE3A28 /* Foundation.framework */; };
		E3F553621998EBE000AE3A28 /* UIKit.framework in Frameworks */ = {isa = PBXBuildFile; fileRef = E3F5533E1998EBE000AE3A28 /* UIKit.framework */; };
		E3F5536A1998EBE000AE3A28 /* InfoPlist.strings in Resources */ = {isa = PBXBuildFile; fileRef = E3F553681998EBE000AE3A28 /* InfoPlist.strings */; };
		E3F5536C1998EBE000AE3A28 /* SexyBackTests.m in Sources */ = {isa = PBXBuildFile; fileRef = E3F5536B1998EBE000AE3A28 /* SexyBackTests.m */; };
		E3F553781998F3FC00AE3A28 /* SBMainTabBarController.m in Sources */ = {isa = PBXBuildFile; fileRef = E3F553771998F3FC00AE3A28 /* SBMainTabBarController.m */; };
		E3F5538A199AE8F500AE3A28 /* SBConsultantViewController.m in Sources */ = {isa = PBXBuildFile; fileRef = E3F55389199AE8F500AE3A28 /* SBConsultantViewController.m */; };
/* End PBXBuildFile section */

/* Begin PBXContainerItemProxy section */
		E3F553631998EBE000AE3A28 /* PBXContainerItemProxy */ = {
			isa = PBXContainerItemProxy;
			containerPortal = E3F5532F1998EBE000AE3A28 /* Project object */;
			proxyType = 1;
			remoteGlobalIDString = E3F553361998EBE000AE3A28;
			remoteInfo = SexyBack;
		};
/* End PBXContainerItemProxy section */

/* Begin PBXFileReference section */
		E30D84181B9FC50B005897E6 /* FakeAdView.swift */ = {isa = PBXFileReference; fileEncoding = 4; lastKnownFileType = sourcecode.swift; path = FakeAdView.swift; sourceTree = "<group>"; };
		E30D841A1B9FC8A8005897E6 /* SexRankView.xib */ = {isa = PBXFileReference; fileEncoding = 4; lastKnownFileType = file.xib; path = SexRankView.xib; sourceTree = "<group>"; };
		E30D841C1B9FCB36005897E6 /* SexRankView.swift */ = {isa = PBXFileReference; fileEncoding = 4; lastKnownFileType = sourcecode.swift; path = SexRankView.swift; sourceTree = "<group>"; };
		E30D84201BA1145A005897E6 /* SexRankController.swift */ = {isa = PBXFileReference; fileEncoding = 4; lastKnownFileType = sourcecode.swift; path = SexRankController.swift; sourceTree = "<group>"; };
		E30D84251BA118A3005897E6 /* Ranks.plist */ = {isa = PBXFileReference; fileEncoding = 4; lastKnownFileType = text.plist.xml; path = Ranks.plist; sourceTree = "<group>"; };
		E30D84271BA214DF005897E6 /* DataBackedTableViewController.swift */ = {isa = PBXFileReference; fileEncoding = 4; lastKnownFileType = sourcecode.swift; path = DataBackedTableViewController.swift; sourceTree = "<group>"; };
		E30D84291BA21A7D005897E6 /* SexTrackerHistoryViewController.swift */ = {isa = PBXFileReference; fileEncoding = 4; lastKnownFileType = sourcecode.swift; path = SexTrackerHistoryViewController.swift; sourceTree = "<group>"; };
		E30D842C1BA3A608005897E6 /* SexHistoryTableViewCell.swift */ = {isa = PBXFileReference; fileEncoding = 4; lastKnownFileType = sourcecode.swift; path = SexHistoryTableViewCell.swift; sourceTree = "<group>"; };
		E30D842E1BA3AD7A005897E6 /* DateUtils.swift */ = {isa = PBXFileReference; fileEncoding = 4; lastKnownFileType = sourcecode.swift; path = DateUtils.swift; sourceTree = "<group>"; };
		E337F589199B0FB400C417D0 /* SBGoalsViewController.h */ = {isa = PBXFileReference; fileEncoding = 4; lastKnownFileType = sourcecode.c.h; path = SBGoalsViewController.h; sourceTree = "<group>"; };
		E337F58A199B0FB400C417D0 /* SBGoalsViewController.m */ = {isa = PBXFileReference; fileEncoding = 4; lastKnownFileType = sourcecode.c.objc; path = SBGoalsViewController.m; sourceTree = "<group>"; };
		E337F58C199B125500C417D0 /* User.h */ = {isa = PBXFileReference; fileEncoding = 4; lastKnownFileType = sourcecode.c.h; path = User.h; sourceTree = "<group>"; };
		E337F58D199B125500C417D0 /* User.m */ = {isa = PBXFileReference; fileEncoding = 4; lastKnownFileType = sourcecode.c.objc; path = User.m; sourceTree = "<group>"; };
		E337F591199C361400C417D0 /* SFGaugeView.h */ = {isa = PBXFileReference; fileEncoding = 4; lastKnownFileType = sourcecode.c.h; path = SFGaugeView.h; sourceTree = "<group>"; };
		E337F592199C361400C417D0 /* SFGaugeView.m */ = {isa = PBXFileReference; fileEncoding = 4; lastKnownFileType = sourcecode.c.objc; path = SFGaugeView.m; sourceTree = "<group>"; };
		E337F594199C3C5700C417D0 /* SBRewardsViewController.h */ = {isa = PBXFileReference; fileEncoding = 4; lastKnownFileType = sourcecode.c.h; path = SBRewardsViewController.h; sourceTree = "<group>"; };
		E337F595199C3C5700C417D0 /* SBRewardsViewController.m */ = {isa = PBXFileReference; fileEncoding = 4; lastKnownFileType = sourcecode.c.objc; path = SBRewardsViewController.m; sourceTree = "<group>"; };
		E337F597199C452400C417D0 /* SBNewEventViewController.h */ = {isa = PBXFileReference; fileEncoding = 4; lastKnownFileType = sourcecode.c.h; path = SBNewEventViewController.h; sourceTree = "<group>"; };
		E337F598199C452400C417D0 /* SBNewEventViewController.m */ = {isa = PBXFileReference; fileEncoding = 4; lastKnownFileType = sourcecode.c.objc; path = SBNewEventViewController.m; sourceTree = "<group>"; };
		E33C0602199AF59500C9AD10 /* AppState.h */ = {isa = PBXFileReference; fileEncoding = 4; lastKnownFileType = sourcecode.c.h; path = AppState.h; sourceTree = "<group>"; };
		E33C0603199AF59500C9AD10 /* AppState.m */ = {isa = PBXFileReference; fileEncoding = 4; lastKnownFileType = sourcecode.c.objc; path = AppState.m; sourceTree = "<group>"; };
		E33C0605199AF83A00C9AD10 /* Constants.h */ = {isa = PBXFileReference; lastKnownFileType = sourcecode.c.h; path = Constants.h; sourceTree = "<group>"; };
		E33C0624199AFE5200C9AD10 /* UIBorderedButton.m */ = {isa = PBXFileReference; fileEncoding = 4; lastKnownFileType = sourcecode.c.objc; path = UIBorderedButton.m; sourceTree = "<group>"; };
		E33C0625199AFE5200C9AD10 /* UIBorderedButton.h */ = {isa = PBXFileReference; fileEncoding = 4; lastKnownFileType = sourcecode.c.h; path = UIBorderedButton.h; sourceTree = "<group>"; };
		E33C0627199AFF3600C9AD10 /* SBQuizViewController.h */ = {isa = PBXFileReference; fileEncoding = 4; lastKnownFileType = sourcecode.c.h; path = SBQuizViewController.h; sourceTree = "<group>"; };
		E33C0628199AFF3600C9AD10 /* SBQuizViewController.m */ = {isa = PBXFileReference; fileEncoding = 4; lastKnownFileType = sourcecode.c.objc; path = SBQuizViewController.m; sourceTree = "<group>"; };
		E33C062A199B06FE00C9AD10 /* UIPickerField.m */ = {isa = PBXFileReference; fileEncoding = 4; lastKnownFileType = sourcecode.c.objc; path = UIPickerField.m; sourceTree = "<group>"; };
		E33C062B199B06FE00C9AD10 /* UIPickerField.h */ = {isa = PBXFileReference; fileEncoding = 4; lastKnownFileType = sourcecode.c.h; path = UIPickerField.h; sourceTree = "<group>"; };
		E33C062D199B073000C9AD10 /* SBProfileViewController.h */ = {isa = PBXFileReference; fileEncoding = 4; lastKnownFileType = sourcecode.c.h; path = SBProfileViewController.h; sourceTree = "<group>"; };
		E33C062E199B073000C9AD10 /* SBProfileViewController.m */ = {isa = PBXFileReference; fileEncoding = 4; lastKnownFileType = sourcecode.c.objc; path = SBProfileViewController.m; sourceTree = "<group>"; };
		E33D4C681BB1C10D002B0DB9 /* AlphaChallenges.xcassets */ = {isa = PBXFileReference; lastKnownFileType = folder.assetcatalog; path = AlphaChallenges.xcassets; sourceTree = "<group>"; };
		E33D4C6B1C0639DB002B0DB9 /* ChallengeCompleteViewController.swift */ = {isa = PBXFileReference; fileEncoding = 4; lastKnownFileType = sourcecode.swift; path = ChallengeCompleteViewController.swift; sourceTree = "<group>"; };
		E34878981BA8F4BB00F69E63 /* CheckBox.swift */ = {isa = PBXFileReference; fileEncoding = 4; lastKnownFileType = sourcecode.swift; path = CheckBox.swift; sourceTree = "<group>"; };
		E3502A601BB2326700CBFB86 /* ChallengeCheckpointViewController.swift */ = {isa = PBXFileReference; fileEncoding = 4; lastKnownFileType = sourcecode.swift; path = ChallengeCheckpointViewController.swift; sourceTree = "<group>"; };
		E36C9D1A1B98EE0B00DBBF5A /* SexTrackerViewController.swift */ = {isa = PBXFileReference; fileEncoding = 4; lastKnownFileType = sourcecode.swift; path = SexTrackerViewController.swift; sourceTree = "<group>"; };
		E36C9D1E1B98F94500DBBF5A /* Novecentowide-Light-webfont.ttf */ = {isa = PBXFileReference; lastKnownFileType = file; path = "Novecentowide-Light-webfont.ttf"; sourceTree = "<group>"; };
		E36C9D201B990A4F00DBBF5A /* FeatherSlider.swift */ = {isa = PBXFileReference; fileEncoding = 4; lastKnownFileType = sourcecode.swift; path = FeatherSlider.swift; sourceTree = "<group>"; };
		E36C9D221B992C6700DBBF5A /* PushNoAnimationSegue.swift */ = {isa = PBXFileReference; fileEncoding = 4; lastKnownFileType = sourcecode.swift; path = PushNoAnimationSegue.swift; sourceTree = "<group>"; };
		E36C9D261B992D5300DBBF5A /* AppController.swift */ = {isa = PBXFileReference; fileEncoding = 4; lastKnownFileType = sourcecode.swift; path = AppController.swift; sourceTree = "<group>"; };
		E36C9D291B99334000DBBF5A /* SlidingOverlayPresentationController.swift */ = {isa = PBXFileReference; fileEncoding = 4; lastKnownFileType = sourcecode.swift; path = SlidingOverlayPresentationController.swift; sourceTree = "<group>"; };
		E36C9D2C1B9939AE00DBBF5A /* SlidingOverlayAnimator.swift */ = {isa = PBXFileReference; fileEncoding = 4; lastKnownFileType = sourcecode.swift; path = SlidingOverlayAnimator.swift; sourceTree = "<group>"; };
		E36C9D2E1B993C5300DBBF5A /* SlidingOverlayTransitioningDelegate.swift */ = {isa = PBXFileReference; fileEncoding = 4; lastKnownFileType = sourcecode.swift; path = SlidingOverlayTransitioningDelegate.swift; sourceTree = "<group>"; };
		E36C9D301B99487900DBBF5A /* MenuViewController.swift */ = {isa = PBXFileReference; fileEncoding = 4; lastKnownFileType = sourcecode.swift; path = MenuViewController.swift; sourceTree = "<group>"; };
		E36C9D331B9A405C00DBBF5A /* BouncyOverlayTransitioningDelegate.swift */ = {isa = PBXFileReference; fileEncoding = 4; lastKnownFileType = sourcecode.swift; path = BouncyOverlayTransitioningDelegate.swift; sourceTree = "<group>"; };
		E36C9D341B9A405C00DBBF5A /* BouncyOverlayPresentationController.swift */ = {isa = PBXFileReference; fileEncoding = 4; lastKnownFileType = sourcecode.swift; path = BouncyOverlayPresentationController.swift; sourceTree = "<group>"; };
		E36C9D351B9A405C00DBBF5A /* BouncyViewControllerAnimator.swift */ = {isa = PBXFileReference; fileEncoding = 4; lastKnownFileType = sourcecode.swift; path = BouncyViewControllerAnimator.swift; sourceTree = "<group>"; };
		E36C9D391B9A407E00DBBF5A /* ModalBackgroundView.swift */ = {isa = PBXFileReference; fileEncoding = 4; lastKnownFileType = sourcecode.swift; path = ModalBackgroundView.swift; sourceTree = "<group>"; };
		E36C9D3C1B9A504B00DBBF5A /* GoalModalViewController.swift */ = {isa = PBXFileReference; fileEncoding = 4; lastKnownFileType = sourcecode.swift; path = GoalModalViewController.swift; sourceTree = "<group>"; };
		E36C9D3E1B9A562B00DBBF5A /* SBTextField.swift */ = {isa = PBXFileReference; fileEncoding = 4; lastKnownFileType = sourcecode.swift; path = SBTextField.swift; sourceTree = "<group>"; };
		E36C9D411B9A6A2F00DBBF5A /* SBUser.swift */ = {isa = PBXFileReference; fileEncoding = 4; lastKnownFileType = sourcecode.swift; path = SBUser.swift; sourceTree = "<group>"; };
		E36F4FD91A77F866008EF6B6 /* Settings.bundle */ = {isa = PBXFileReference; lastKnownFileType = "wrapper.plug-in"; path = Settings.bundle; sourceTree = "<group>"; };
		E372FB7F1A8468C0008F9353 /* SB30DayProgramCell.h */ = {isa = PBXFileReference; fileEncoding = 4; lastKnownFileType = sourcecode.c.h; path = SB30DayProgramCell.h; sourceTree = "<group>"; };
		E372FB801A8468C0008F9353 /* SB30DayProgramCell.m */ = {isa = PBXFileReference; fileEncoding = 4; lastKnownFileType = sourcecode.c.objc; path = SB30DayProgramCell.m; sourceTree = "<group>"; };
		E372FB831A8469C7008F9353 /* WTCircleImageView.h */ = {isa = PBXFileReference; fileEncoding = 4; lastKnownFileType = sourcecode.c.h; path = WTCircleImageView.h; sourceTree = "<group>"; };
		E372FB841A8469C7008F9353 /* WTCircleImageView.m */ = {isa = PBXFileReference; fileEncoding = 4; lastKnownFileType = sourcecode.c.objc; path = WTCircleImageView.m; sourceTree = "<group>"; };
		E372FB861A846AC7008F9353 /* 30DayProgram.xcassets */ = {isa = PBXFileReference; lastKnownFileType = folder.assetcatalog; name = 30DayProgram.xcassets; path = ../30DayProgram.xcassets; sourceTree = "<group>"; };
		E37F9E021BA7C08100B17895 /* DareIntroViewController.swift */ = {isa = PBXFileReference; fileEncoding = 4; lastKnownFileType = sourcecode.swift; path = DareIntroViewController.swift; sourceTree = "<group>"; };
		E37F9E051BA86AA900B17895 /* NavControllerReplaceSegue.swift */ = {isa = PBXFileReference; fileEncoding = 4; lastKnownFileType = sourcecode.swift; path = NavControllerReplaceSegue.swift; sourceTree = "<group>"; };
		E37F9E071BA86D4C00B17895 /* BaseSexyBackViewController.swift */ = {isa = PBXFileReference; fileEncoding = 4; lastKnownFileType = sourcecode.swift; path = BaseSexyBackViewController.swift; sourceTree = "<group>"; };
		E37F9E091BA8738900B17895 /* ChallengeDetailViewController.swift */ = {isa = PBXFileReference; fileEncoding = 4; lastKnownFileType = sourcecode.swift; path = ChallengeDetailViewController.swift; sourceTree = "<group>"; };
		E37F9E0B1BA8780500B17895 /* BorderedImageView.swift */ = {isa = PBXFileReference; fileEncoding = 4; lastKnownFileType = sourcecode.swift; path = BorderedImageView.swift; sourceTree = "<group>"; };
		E37F9E101BA8A20700B17895 /* ChallengeController.swift */ = {isa = PBXFileReference; fileEncoding = 4; lastKnownFileType = sourcecode.swift; path = ChallengeController.swift; sourceTree = "<group>"; };
		E37F9E121BA8A66B00B17895 /* Challenges.plist */ = {isa = PBXFileReference; fileEncoding = 4; lastKnownFileType = text.plist.xml; name = Challenges.plist; path = Alpha/Challenges.plist; sourceTree = "<group>"; };
		E383B7E41A7739DC007FEE86 /* SBVideoTableViewCell.h */ = {isa = PBXFileReference; fileEncoding = 4; lastKnownFileType = sourcecode.c.h; path = SBVideoTableViewCell.h; sourceTree = "<group>"; };
		E383B7E51A7739DC007FEE86 /* SBVideoTableViewCell.m */ = {isa = PBXFileReference; fileEncoding = 4; lastKnownFileType = sourcecode.c.objc; path = SBVideoTableViewCell.m; sourceTree = "<group>"; };
		E383B7E71A773A5A007FEE86 /* MediaPlayer.framework */ = {isa = PBXFileReference; lastKnownFileType = wrapper.framework; name = MediaPlayer.framework; path = System/Library/Frameworks/MediaPlayer.framework; sourceTree = SDKROOT; };
		E3A123941A733ECB00076722 /* SB30DayProgramsTableViewController.h */ = {isa = PBXFileReference; fileEncoding = 4; lastKnownFileType = sourcecode.c.h; path = SB30DayProgramsTableViewController.h; sourceTree = "<group>"; };
		E3A123951A733ECB00076722 /* SB30DayProgramsTableViewController.m */ = {isa = PBXFileReference; fileEncoding = 4; lastKnownFileType = sourcecode.c.objc; path = SB30DayProgramsTableViewController.m; sourceTree = "<group>"; };
		E3A123971A73445200076722 /* SBProgramDetailTableViewController.h */ = {isa = PBXFileReference; fileEncoding = 4; lastKnownFileType = sourcecode.c.h; path = SBProgramDetailTableViewController.h; sourceTree = "<group>"; };
		E3A123981A73445200076722 /* SBProgramDetailTableViewController.m */ = {isa = PBXFileReference; fileEncoding = 4; lastKnownFileType = sourcecode.c.objc; path = SBProgramDetailTableViewController.m; sourceTree = "<group>"; };
		E3A1239A1A734A9E00076722 /* SBSelfSizingTextViewTableViewCell.h */ = {isa = PBXFileReference; fileEncoding = 4; lastKnownFileType = sourcecode.c.h; path = SBSelfSizingTextViewTableViewCell.h; sourceTree = "<group>"; };
		E3A1239B1A734A9E00076722 /* SBSelfSizingTextViewTableViewCell.m */ = {isa = PBXFileReference; fileEncoding = 4; lastKnownFileType = sourcecode.c.objc; path = SBSelfSizingTextViewTableViewCell.m; sourceTree = "<group>"; };
		E3BB26AF199AEFB30024D8EB /* NSObject+AlertHelper.h */ = {isa = PBXFileReference; fileEncoding = 4; lastKnownFileType = sourcecode.c.h; path = "NSObject+AlertHelper.h"; sourceTree = "<group>"; };
		E3BB26B0199AEFB30024D8EB /* NSObject+AlertHelper.m */ = {isa = PBXFileReference; fileEncoding = 4; lastKnownFileType = sourcecode.c.objc; path = "NSObject+AlertHelper.m"; sourceTree = "<group>"; };
		E3BB26B1199AEFB30024D8EB /* NSString+Additions.h */ = {isa = PBXFileReference; fileEncoding = 4; lastKnownFileType = sourcecode.c.h; path = "NSString+Additions.h"; sourceTree = "<group>"; };
		E3BB26B2199AEFB30024D8EB /* NSString+Additions.m */ = {isa = PBXFileReference; fileEncoding = 4; lastKnownFileType = sourcecode.c.objc; path = "NSString+Additions.m"; sourceTree = "<group>"; };
		E3BB26B3199AEFB30024D8EB /* UIDateField.h */ = {isa = PBXFileReference; fileEncoding = 4; lastKnownFileType = sourcecode.c.h; path = UIDateField.h; sourceTree = "<group>"; };
		E3BB26B4199AEFB30024D8EB /* UIDateField.m */ = {isa = PBXFileReference; fileEncoding = 4; lastKnownFileType = sourcecode.c.objc; path = UIDateField.m; sourceTree = "<group>"; };
		E3BB26B5199AEFB30024D8EB /* UIDefaultAccessoryInputView.h */ = {isa = PBXFileReference; fileEncoding = 4; lastKnownFileType = sourcecode.c.h; path = UIDefaultAccessoryInputView.h; sourceTree = "<group>"; };
		E3BB26B6199AEFB30024D8EB /* UIDefaultAccessoryInputView.m */ = {isa = PBXFileReference; fileEncoding = 4; lastKnownFileType = sourcecode.c.objc; path = UIDefaultAccessoryInputView.m; sourceTree = "<group>"; };
		E3BB26B7199AEFB30024D8EB /* UIFormTableViewController.h */ = {isa = PBXFileReference; fileEncoding = 4; lastKnownFileType = sourcecode.c.h; path = UIFormTableViewController.h; sourceTree = "<group>"; };
		E3BB26B8199AEFB30024D8EB /* UIFormTableViewController.m */ = {isa = PBXFileReference; fileEncoding = 4; lastKnownFileType = sourcecode.c.objc; path = UIFormTableViewController.m; sourceTree = "<group>"; };
		E3BB26B9199AEFB30024D8EB /* UIFormViewController.h */ = {isa = PBXFileReference; fileEncoding = 4; lastKnownFileType = sourcecode.c.h; path = UIFormViewController.h; sourceTree = "<group>"; };
		E3BB26BA199AEFB30024D8EB /* UIFormViewController.m */ = {isa = PBXFileReference; fileEncoding = 4; lastKnownFileType = sourcecode.c.objc; path = UIFormViewController.m; sourceTree = "<group>"; };
		E3CDE4F21BB7128800CDE3BA /* AlertViewController.swift */ = {isa = PBXFileReference; fileEncoding = 4; lastKnownFileType = sourcecode.swift; path = AlertViewController.swift; sourceTree = "<group>"; };
		E3CE29DF19C67299001B4ACD /* AudioToolbox.framework */ = {isa = PBXFileReference; lastKnownFileType = wrapper.framework; name = AudioToolbox.framework; path = System/Library/Frameworks/AudioToolbox.framework; sourceTree = SDKROOT; };
		E3CE29E019C67299001B4ACD /* CFNetwork.framework */ = {isa = PBXFileReference; lastKnownFileType = wrapper.framework; name = CFNetwork.framework; path = System/Library/Frameworks/CFNetwork.framework; sourceTree = SDKROOT; };
		E3CE29E119C67299001B4ACD /* libz.dylib */ = {isa = PBXFileReference; lastKnownFileType = "compiled.mach-o.dylib"; name = libz.dylib; path = usr/lib/libz.dylib; sourceTree = SDKROOT; };
		E3CE29E219C67299001B4ACD /* MobileCoreServices.framework */ = {isa = PBXFileReference; lastKnownFileType = wrapper.framework; name = MobileCoreServices.framework; path = System/Library/Frameworks/MobileCoreServices.framework; sourceTree = SDKROOT; };
		E3CE29E319C67299001B4ACD /* QuartzCore.framework */ = {isa = PBXFileReference; lastKnownFileType = wrapper.framework; name = QuartzCore.framework; path = System/Library/Frameworks/QuartzCore.framework; sourceTree = SDKROOT; };
		E3CE29E419C67299001B4ACD /* Security.framework */ = {isa = PBXFileReference; lastKnownFileType = wrapper.framework; name = Security.framework; path = System/Library/Frameworks/Security.framework; sourceTree = SDKROOT; };
		E3CE29E519C67299001B4ACD /* StoreKit.framework */ = {isa = PBXFileReference; lastKnownFileType = wrapper.framework; name = StoreKit.framework; path = System/Library/Frameworks/StoreKit.framework; sourceTree = SDKROOT; };
		E3CE29E619C6729A001B4ACD /* SystemConfiguration.framework */ = {isa = PBXFileReference; lastKnownFileType = wrapper.framework; name = SystemConfiguration.framework; path = System/Library/Frameworks/SystemConfiguration.framework; sourceTree = SDKROOT; };
		E3D135581A866649008DBE5D /* SBDareHistoryTableViewController.h */ = {isa = PBXFileReference; fileEncoding = 4; lastKnownFileType = sourcecode.c.h; path = SBDareHistoryTableViewController.h; sourceTree = "<group>"; };
		E3D135591A866649008DBE5D /* SBDareHistoryTableViewController.m */ = {isa = PBXFileReference; fileEncoding = 4; lastKnownFileType = sourcecode.c.objc; path = SBDareHistoryTableViewController.m; sourceTree = "<group>"; };
		E3D1355B1A8667B4008DBE5D /* SBDareHistoryCell.h */ = {isa = PBXFileReference; fileEncoding = 4; lastKnownFileType = sourcecode.c.h; path = SBDareHistoryCell.h; sourceTree = "<group>"; };
		E3D1355C1A8667B4008DBE5D /* SBDareHistoryCell.m */ = {isa = PBXFileReference; fileEncoding = 4; lastKnownFileType = sourcecode.c.objc; path = SBDareHistoryCell.m; sourceTree = "<group>"; };
		E3DE88E31B96902700500797 /* Bolts.framework */ = {isa = PBXFileReference; lastKnownFileType = wrapper.framework; path = Bolts.framework; sourceTree = "<group>"; };
		E3DE88E41B96902700500797 /* Parse.framework */ = {isa = PBXFileReference; lastKnownFileType = wrapper.framework; path = Parse.framework; sourceTree = "<group>"; };
		E3DE88EB1B9692B100500797 /* Main.storyboard */ = {isa = PBXFileReference; fileEncoding = 4; lastKnownFileType = file.storyboard; path = Main.storyboard; sourceTree = "<group>"; };
		E3DE88ED1B9692C100500797 /* Launch Screen.xib */ = {isa = PBXFileReference; fileEncoding = 4; lastKnownFileType = file.xib; path = "Launch Screen.xib"; sourceTree = "<group>"; };
		E3DE88EF1B96931800500797 /* Media.xcassets */ = {isa = PBXFileReference; lastKnownFileType = folder.assetcatalog; path = Media.xcassets; sourceTree = "<group>"; };
		E3DE88F11B9694E800500797 /* libsqlite3.0.dylib */ = {isa = PBXFileReference; lastKnownFileType = "compiled.mach-o.dylib"; name = libsqlite3.0.dylib; path = usr/lib/libsqlite3.0.dylib; sourceTree = SDKROOT; };
		E3DE88F31B9695EB00500797 /* SexyBack-Bridging-Header.h */ = {isa = PBXFileReference; lastKnownFileType = sourcecode.c.h; path = "SexyBack-Bridging-Header.h"; sourceTree = "<group>"; };
		E3DE88F61B96962500500797 /* HiViewController.swift */ = {isa = PBXFileReference; fileEncoding = 4; lastKnownFileType = sourcecode.swift; path = HiViewController.swift; sourceTree = "<group>"; };
		E3DE88FB1B969C1D00500797 /* ProfileImageView.swift */ = {isa = PBXFileReference; fileEncoding = 4; lastKnownFileType = sourcecode.swift; path = ProfileImageView.swift; sourceTree = "<group>"; };
		E3DE89021B96A0D400500797 /* ArchedView.swift */ = {isa = PBXFileReference; fileEncoding = 4; lastKnownFileType = sourcecode.swift; path = ArchedView.swift; sourceTree = "<group>"; };
		E3DE89041B96A66E00500797 /* UIBorderedButton.swift */ = {isa = PBXFileReference; fileEncoding = 4; lastKnownFileType = sourcecode.swift; path = UIBorderedButton.swift; sourceTree = "<group>"; };
		E3F03CE519D19F0D00413547 /* SB30DayContentViewController.h */ = {isa = PBXFileReference; fileEncoding = 4; lastKnownFileType = sourcecode.c.h; path = SB30DayContentViewController.h; sourceTree = "<group>"; };
		E3F03CE619D19F0D00413547 /* SB30DayContentViewController.m */ = {isa = PBXFileReference; fileEncoding = 4; lastKnownFileType = sourcecode.c.objc; path = SB30DayContentViewController.m; sourceTree = "<group>"; };
		E3F03CE819D1A02900413547 /* SB30DayPageViewController.h */ = {isa = PBXFileReference; fileEncoding = 4; lastKnownFileType = sourcecode.c.h; path = SB30DayPageViewController.h; sourceTree = "<group>"; };
		E3F03CE919D1A02900413547 /* SB30DayPageViewController.m */ = {isa = PBXFileReference; fileEncoding = 4; lastKnownFileType = sourcecode.c.objc; path = SB30DayPageViewController.m; sourceTree = "<group>"; };
		E3F553371998EBE000AE3A28 /* SexyBack.app */ = {isa = PBXFileReference; explicitFileType = wrapper.application; includeInIndex = 0; path = SexyBack.app; sourceTree = BUILT_PRODUCTS_DIR; };
		E3F5533A1998EBE000AE3A28 /* Foundation.framework */ = {isa = PBXFileReference; lastKnownFileType = wrapper.framework; name = Foundation.framework; path = System/Library/Frameworks/Foundation.framework; sourceTree = SDKROOT; };
		E3F5533C1998EBE000AE3A28 /* CoreGraphics.framework */ = {isa = PBXFileReference; lastKnownFileType = wrapper.framework; name = CoreGraphics.framework; path = System/Library/Frameworks/CoreGraphics.framework; sourceTree = SDKROOT; };
		E3F5533E1998EBE000AE3A28 /* UIKit.framework */ = {isa = PBXFileReference; lastKnownFileType = wrapper.framework; name = UIKit.framework; path = System/Library/Frameworks/UIKit.framework; sourceTree = SDKROOT; };
		E3F553421998EBE000AE3A28 /* SexyBack-Info.plist */ = {isa = PBXFileReference; lastKnownFileType = text.plist.xml; path = "SexyBack-Info.plist"; sourceTree = "<group>"; };
		E3F553441998EBE000AE3A28 /* en */ = {isa = PBXFileReference; lastKnownFileType = text.plist.strings; name = en; path = en.lproj/InfoPlist.strings; sourceTree = "<group>"; };
		E3F553461998EBE000AE3A28 /* main.m */ = {isa = PBXFileReference; lastKnownFileType = sourcecode.c.objc; path = main.m; sourceTree = "<group>"; };
		E3F553481998EBE000AE3A28 /* SexyBack-Prefix.pch */ = {isa = PBXFileReference; lastKnownFileType = sourcecode.c.h; path = "SexyBack-Prefix.pch"; sourceTree = "<group>"; };
		E3F553491998EBE000AE3A28 /* SBAppDelegate.h */ = {isa = PBXFileReference; lastKnownFileType = sourcecode.c.h; path = SBAppDelegate.h; sourceTree = "<group>"; };
		E3F5534A1998EBE000AE3A28 /* SBAppDelegate.m */ = {isa = PBXFileReference; lastKnownFileType = sourcecode.c.objc; path = SBAppDelegate.m; sourceTree = "<group>"; };
		E3F5534D1998EBE000AE3A28 /* Base */ = {isa = PBXFileReference; lastKnownFileType = file.storyboard; name = Base; path = Base.lproj/Main_iPhone.storyboard; sourceTree = "<group>"; };
		E3F553501998EBE000AE3A28 /* Base */ = {isa = PBXFileReference; lastKnownFileType = file.storyboard; name = Base; path = Base.lproj/Main_iPad.storyboard; sourceTree = "<group>"; };
		E3F553521998EBE000AE3A28 /* SBTrackViewController.h */ = {isa = PBXFileReference; lastKnownFileType = sourcecode.c.h; path = SBTrackViewController.h; sourceTree = "<group>"; };
		E3F553531998EBE000AE3A28 /* SBTrackViewController.m */ = {isa = PBXFileReference; lastKnownFileType = sourcecode.c.objc; path = SBTrackViewController.m; sourceTree = "<group>"; };
		E3F553551998EBE000AE3A28 /* SBHotStuffViewController.h */ = {isa = PBXFileReference; lastKnownFileType = sourcecode.c.h; path = SBHotStuffViewController.h; sourceTree = "<group>"; };
		E3F553561998EBE000AE3A28 /* SBHotStuffViewController.m */ = {isa = PBXFileReference; lastKnownFileType = sourcecode.c.objc; path = SBHotStuffViewController.m; sourceTree = "<group>"; };
		E3F553581998EBE000AE3A28 /* Images.xcassets */ = {isa = PBXFileReference; lastKnownFileType = folder.assetcatalog; path = Images.xcassets; sourceTree = "<group>"; };
		E3F5535E1998EBE000AE3A28 /* SexyBackTests.xctest */ = {isa = PBXFileReference; explicitFileType = wrapper.cfbundle; includeInIndex = 0; path = SexyBackTests.xctest; sourceTree = BUILT_PRODUCTS_DIR; };
		E3F5535F1998EBE000AE3A28 /* XCTest.framework */ = {isa = PBXFileReference; lastKnownFileType = wrapper.framework; name = XCTest.framework; path = Library/Frameworks/XCTest.framework; sourceTree = DEVELOPER_DIR; };
		E3F553671998EBE000AE3A28 /* SexyBackTests-Info.plist */ = {isa = PBXFileReference; lastKnownFileType = text.plist.xml; path = "SexyBackTests-Info.plist"; sourceTree = "<group>"; };
		E3F553691998EBE000AE3A28 /* en */ = {isa = PBXFileReference; lastKnownFileType = text.plist.strings; name = en; path = en.lproj/InfoPlist.strings; sourceTree = "<group>"; };
		E3F5536B1998EBE000AE3A28 /* SexyBackTests.m */ = {isa = PBXFileReference; lastKnownFileType = sourcecode.c.objc; path = SexyBackTests.m; sourceTree = "<group>"; };
		E3F553761998F3FC00AE3A28 /* SBMainTabBarController.h */ = {isa = PBXFileReference; fileEncoding = 4; lastKnownFileType = sourcecode.c.h; path = SBMainTabBarController.h; sourceTree = "<group>"; };
		E3F553771998F3FC00AE3A28 /* SBMainTabBarController.m */ = {isa = PBXFileReference; fileEncoding = 4; lastKnownFileType = sourcecode.c.objc; path = SBMainTabBarController.m; sourceTree = "<group>"; };
		E3F55388199AE8F500AE3A28 /* SBConsultantViewController.h */ = {isa = PBXFileReference; fileEncoding = 4; lastKnownFileType = sourcecode.c.h; path = SBConsultantViewController.h; sourceTree = "<group>"; };
		E3F55389199AE8F500AE3A28 /* SBConsultantViewController.m */ = {isa = PBXFileReference; fileEncoding = 4; lastKnownFileType = sourcecode.c.objc; path = SBConsultantViewController.m; sourceTree = "<group>"; };
/* End PBXFileReference section */

/* Begin PBXFrameworksBuildPhase section */
		E3F553341998EBE000AE3A28 /* Frameworks */ = {
			isa = PBXFrameworksBuildPhase;
			buildActionMask = 2147483647;
			files = (
				E3DE88F21B9694E800500797 /* libsqlite3.0.dylib in Frameworks */,
				E383B7E81A773A5A007FEE86 /* MediaPlayer.framework in Frameworks */,
				E3CE29E719C6729A001B4ACD /* AudioToolbox.framework in Frameworks */,
				E3CE29E819C6729A001B4ACD /* CFNetwork.framework in Frameworks */,
				E3CE29E919C6729A001B4ACD /* libz.dylib in Frameworks */,
				E3CE29EA19C6729A001B4ACD /* MobileCoreServices.framework in Frameworks */,
				E3CE29EB19C6729A001B4ACD /* QuartzCore.framework in Frameworks */,
				E3CE29EC19C6729A001B4ACD /* Security.framework in Frameworks */,
				E3DE88E51B96902700500797 /* Bolts.framework in Frameworks */,
				E3CE29ED19C6729A001B4ACD /* StoreKit.framework in Frameworks */,
				E3CE29EE19C6729A001B4ACD /* SystemConfiguration.framework in Frameworks */,
				E3DE88E61B96902700500797 /* Parse.framework in Frameworks */,
				E3F5533D1998EBE000AE3A28 /* CoreGraphics.framework in Frameworks */,
				E3F5533F1998EBE000AE3A28 /* UIKit.framework in Frameworks */,
				E3F5533B1998EBE000AE3A28 /* Foundation.framework in Frameworks */,
			);
			runOnlyForDeploymentPostprocessing = 0;
		};
		E3F5535B1998EBE000AE3A28 /* Frameworks */ = {
			isa = PBXFrameworksBuildPhase;
			buildActionMask = 2147483647;
			files = (
				E3F553601998EBE000AE3A28 /* XCTest.framework in Frameworks */,
				E3F553621998EBE000AE3A28 /* UIKit.framework in Frameworks */,
				E3F553611998EBE000AE3A28 /* Foundation.framework in Frameworks */,
			);
			runOnlyForDeploymentPostprocessing = 0;
		};
/* End PBXFrameworksBuildPhase section */

/* Begin PBXGroup section */
		E30D84241BA1188C005897E6 /* Data */ = {
			isa = PBXGroup;
			children = (
				E30D84251BA118A3005897E6 /* Ranks.plist */,
				E37F9E121BA8A66B00B17895 /* Challenges.plist */,
			);
			name = Data;
			sourceTree = "<group>";
		};
		E30D842B1BA3A5EE005897E6 /* Table Cells */ = {
			isa = PBXGroup;
			children = (
				E30D842C1BA3A608005897E6 /* SexHistoryTableViewCell.swift */,
			);
			name = "Table Cells";
			sourceTree = "<group>";
		};
		E337F586199B0F7800C417D0 /* Settings */ = {
			isa = PBXGroup;
			children = (
				E33C062D199B073000C9AD10 /* SBProfileViewController.h */,
				E33C062E199B073000C9AD10 /* SBProfileViewController.m */,
				E337F589199B0FB400C417D0 /* SBGoalsViewController.h */,
				E337F58A199B0FB400C417D0 /* SBGoalsViewController.m */,
			);
			name = Settings;
			sourceTree = "<group>";
		};
		E337F587199B0F7E00C417D0 /* Tabs */ = {
			isa = PBXGroup;
			children = (
				E3D135571A86662E008DBE5D /* Double Dare Program */,
				E3F03CE419D19EEE00413547 /* 30 Day Challenge */,
				E3F553521998EBE000AE3A28 /* SBTrackViewController.h */,
				E3F553531998EBE000AE3A28 /* SBTrackViewController.m */,
				E3F553551998EBE000AE3A28 /* SBHotStuffViewController.h */,
				E3F553561998EBE000AE3A28 /* SBHotStuffViewController.m */,
				E337F594199C3C5700C417D0 /* SBRewardsViewController.h */,
				E337F595199C3C5700C417D0 /* SBRewardsViewController.m */,
				E337F597199C452400C417D0 /* SBNewEventViewController.h */,
				E337F598199C452400C417D0 /* SBNewEventViewController.m */,
			);
			name = Tabs;
			sourceTree = "<group>";
		};
		E337F588199B0F9E00C417D0 /* Onboarding */ = {
			isa = PBXGroup;
			children = (
				E3F55388199AE8F500AE3A28 /* SBConsultantViewController.h */,
				E3F55389199AE8F500AE3A28 /* SBConsultantViewController.m */,
				E33C0627199AFF3600C9AD10 /* SBQuizViewController.h */,
				E33C0628199AFF3600C9AD10 /* SBQuizViewController.m */,
			);
			name = Onboarding;
			sourceTree = "<group>";
		};
		E337F590199C361400C417D0 /* SFGaugeView */ = {
			isa = PBXGroup;
			children = (
				E337F591199C361400C417D0 /* SFGaugeView.h */,
				E337F592199C361400C417D0 /* SFGaugeView.m */,
			);
			path = SFGaugeView;
			sourceTree = "<group>";
		};
		E33C0601199AF57F00C9AD10 /* Model */ = {
			isa = PBXGroup;
			children = (
				E33C0602199AF59500C9AD10 /* AppState.h */,
				E33C0603199AF59500C9AD10 /* AppState.m */,
				E337F58C199B125500C417D0 /* User.h */,
				E337F58D199B125500C417D0 /* User.m */,
			);
			name = Model;
			sourceTree = "<group>";
		};
		E33D4C6A1C0639C3002B0DB9 /* Challenge */ = {
			isa = PBXGroup;
			children = (
				E37F9E021BA7C08100B17895 /* DareIntroViewController.swift */,
				E37F9E091BA8738900B17895 /* ChallengeDetailViewController.swift */,
				E33D4C6B1C0639DB002B0DB9 /* ChallengeCompleteViewController.swift */,
				E3502A601BB2326700CBFB86 /* ChallengeCheckpointViewController.swift */,
			);
			name = Challenge;
			sourceTree = "<group>";
		};
		E36C9D1D1B98F87A00DBBF5A /* Fonts */ = {
			isa = PBXGroup;
			children = (
				E36C9D1E1B98F94500DBBF5A /* Novecentowide-Light-webfont.ttf */,
			);
			name = Fonts;
			path = fonts;
			sourceTree = "<group>";
		};
		E36C9D281B9931AE00DBBF5A /* Presentation Controllers */ = {
			isa = PBXGroup;
			children = (
				E36C9D321B9A404A00DBBF5A /* Bouncy Modal Presentation */,
				E36C9D2B1B99396F00DBBF5A /* Sliding Overlay Presentation */,
			);
			name = "Presentation Controllers";
			sourceTree = "<group>";
		};
		E36C9D2B1B99396F00DBBF5A /* Sliding Overlay Presentation */ = {
			isa = PBXGroup;
			children = (
				E36C9D291B99334000DBBF5A /* SlidingOverlayPresentationController.swift */,
				E36C9D2C1B9939AE00DBBF5A /* SlidingOverlayAnimator.swift */,
				E36C9D2E1B993C5300DBBF5A /* SlidingOverlayTransitioningDelegate.swift */,
			);
			name = "Sliding Overlay Presentation";
			sourceTree = "<group>";
		};
		E36C9D321B9A404A00DBBF5A /* Bouncy Modal Presentation */ = {
			isa = PBXGroup;
			children = (
				E36C9D331B9A405C00DBBF5A /* BouncyOverlayTransitioningDelegate.swift */,
				E36C9D341B9A405C00DBBF5A /* BouncyOverlayPresentationController.swift */,
				E36C9D351B9A405C00DBBF5A /* BouncyViewControllerAnimator.swift */,
			);
			name = "Bouncy Modal Presentation";
			sourceTree = "<group>";
		};
		E36C9D3B1B9A503300DBBF5A /* Modals */ = {
			isa = PBXGroup;
			children = (
				E36C9D3C1B9A504B00DBBF5A /* GoalModalViewController.swift */,
				E3CDE4F21BB7128800CDE3BA /* AlertViewController.swift */,
			);
			name = Modals;
			sourceTree = "<group>";
		};
		E36C9D401B9A6A2200DBBF5A /* Model */ = {
			isa = PBXGroup;
			children = (
				E36C9D411B9A6A2F00DBBF5A /* SBUser.swift */,
				E30D84201BA1145A005897E6 /* SexRankController.swift */,
				E37F9E101BA8A20700B17895 /* ChallengeController.swift */,
			);
			name = Model;
			sourceTree = "<group>";
		};
		E372FB821A8469B2008F9353 /* CircleImageView */ = {
			isa = PBXGroup;
			children = (
				E372FB831A8469C7008F9353 /* WTCircleImageView.h */,
				E372FB841A8469C7008F9353 /* WTCircleImageView.m */,
			);
			name = CircleImageView;
			sourceTree = "<group>";
		};
		E37F9E041BA86A7E00B17895 /* Segues */ = {
			isa = PBXGroup;
			children = (
				E36C9D221B992C6700DBBF5A /* PushNoAnimationSegue.swift */,
				E37F9E051BA86AA900B17895 /* NavControllerReplaceSegue.swift */,
			);
			name = Segues;
			sourceTree = "<group>";
		};
		E3BB26AE199AEFB30024D8EB /* ios_shared */ = {
			isa = PBXGroup;
			children = (
				E33C062A199B06FE00C9AD10 /* UIPickerField.m */,
				E33C062B199B06FE00C9AD10 /* UIPickerField.h */,
				E33C0624199AFE5200C9AD10 /* UIBorderedButton.m */,
				E33C0625199AFE5200C9AD10 /* UIBorderedButton.h */,
				E3BB26AF199AEFB30024D8EB /* NSObject+AlertHelper.h */,
				E3BB26B0199AEFB30024D8EB /* NSObject+AlertHelper.m */,
				E3BB26B1199AEFB30024D8EB /* NSString+Additions.h */,
				E3BB26B2199AEFB30024D8EB /* NSString+Additions.m */,
				E3BB26B3199AEFB30024D8EB /* UIDateField.h */,
				E3BB26B4199AEFB30024D8EB /* UIDateField.m */,
				E3BB26B5199AEFB30024D8EB /* UIDefaultAccessoryInputView.h */,
				E3BB26B6199AEFB30024D8EB /* UIDefaultAccessoryInputView.m */,
				E3BB26B7199AEFB30024D8EB /* UIFormTableViewController.h */,
				E3BB26B8199AEFB30024D8EB /* UIFormTableViewController.m */,
				E3BB26B9199AEFB30024D8EB /* UIFormViewController.h */,
				E3BB26BA199AEFB30024D8EB /* UIFormViewController.m */,
			);
			name = ios_shared;
			path = ../ios_shared;
			sourceTree = "<group>";
		};
		E3D135571A86662E008DBE5D /* Double Dare Program */ = {
			isa = PBXGroup;
			children = (
				E3D135581A866649008DBE5D /* SBDareHistoryTableViewController.h */,
				E3D135591A866649008DBE5D /* SBDareHistoryTableViewController.m */,
				E3D1355B1A8667B4008DBE5D /* SBDareHistoryCell.h */,
				E3D1355C1A8667B4008DBE5D /* SBDareHistoryCell.m */,
			);
			name = "Double Dare Program";
			sourceTree = "<group>";
		};
		E3DE88EA1B9692B100500797 /* Alpha */ = {
			isa = PBXGroup;
			children = (
				E37F9E041BA86A7E00B17895 /* Segues */,
				E3DE88F31B9695EB00500797 /* SexyBack-Bridging-Header.h */,
				E36C9D261B992D5300DBBF5A /* AppController.swift */,
				E30D842E1BA3AD7A005897E6 /* DateUtils.swift */,
				E36C9D401B9A6A2200DBBF5A /* Model */,
				E36C9D1D1B98F87A00DBBF5A /* Fonts */,
				E36C9D281B9931AE00DBBF5A /* Presentation Controllers */,
				E3DE88FD1B969FCE00500797 /* Views */,
				E3DE88FA1B96964800500797 /* View Controllers */,
				E3DE88F91B96963D00500797 /* Resources */,
				E3DE88F81B96962D00500797 /* UI */,
			);
			path = Alpha;
			sourceTree = "<group>";
		};
		E3DE88F81B96962D00500797 /* UI */ = {
			isa = PBXGroup;
			children = (
				E3DE88EB1B9692B100500797 /* Main.storyboard */,
				E3DE88ED1B9692C100500797 /* Launch Screen.xib */,
			);
			name = UI;
			sourceTree = "<group>";
		};
		E3DE88F91B96963D00500797 /* Resources */ = {
			isa = PBXGroup;
			children = (
				E3DE88EF1B96931800500797 /* Media.xcassets */,
				E33D4C681BB1C10D002B0DB9 /* AlphaChallenges.xcassets */,
			);
			name = Resources;
			sourceTree = "<group>";
		};
		E3DE88FA1B96964800500797 /* View Controllers */ = {
			isa = PBXGroup;
			children = (
				E33D4C6A1C0639C3002B0DB9 /* Challenge */,
				E36C9D3B1B9A503300DBBF5A /* Modals */,
				E3DE88F61B96962500500797 /* HiViewController.swift */,
				E36C9D1A1B98EE0B00DBBF5A /* SexTrackerViewController.swift */,
				E36C9D301B99487900DBBF5A /* MenuViewController.swift */,
				E30D84271BA214DF005897E6 /* DataBackedTableViewController.swift */,
				E30D84291BA21A7D005897E6 /* SexTrackerHistoryViewController.swift */,
				E37F9E071BA86D4C00B17895 /* BaseSexyBackViewController.swift */,
			);
			name = "View Controllers";
			sourceTree = "<group>";
		};
		E3DE88FD1B969FCE00500797 /* Views */ = {
			isa = PBXGroup;
			children = (
				E30D842B1BA3A5EE005897E6 /* Table Cells */,
				E3DE88FB1B969C1D00500797 /* ProfileImageView.swift */,
				E37F9E0B1BA8780500B17895 /* BorderedImageView.swift */,
				E3DE89021B96A0D400500797 /* ArchedView.swift */,
				E3DE89041B96A66E00500797 /* UIBorderedButton.swift */,
				E36C9D201B990A4F00DBBF5A /* FeatherSlider.swift */,
				E36C9D391B9A407E00DBBF5A /* ModalBackgroundView.swift */,
				E36C9D3E1B9A562B00DBBF5A /* SBTextField.swift */,
				E30D84181B9FC50B005897E6 /* FakeAdView.swift */,
				E30D841A1B9FC8A8005897E6 /* SexRankView.xib */,
				E30D841C1B9FCB36005897E6 /* SexRankView.swift */,
				E34878981BA8F4BB00F69E63 /* CheckBox.swift */,
			);
			name = Views;
			sourceTree = "<group>";
		};
		E3F03CE419D19EEE00413547 /* 30 Day Challenge */ = {
			isa = PBXGroup;
			children = (
				E372FB861A846AC7008F9353 /* 30DayProgram.xcassets */,
				E3F03CE519D19F0D00413547 /* SB30DayContentViewController.h */,
				E3F03CE619D19F0D00413547 /* SB30DayContentViewController.m */,
				E3F03CE819D1A02900413547 /* SB30DayPageViewController.h */,
				E3F03CE919D1A02900413547 /* SB30DayPageViewController.m */,
				E3A123941A733ECB00076722 /* SB30DayProgramsTableViewController.h */,
				E3A123951A733ECB00076722 /* SB30DayProgramsTableViewController.m */,
				E3A123971A73445200076722 /* SBProgramDetailTableViewController.h */,
				E3A123981A73445200076722 /* SBProgramDetailTableViewController.m */,
				E3A1239A1A734A9E00076722 /* SBSelfSizingTextViewTableViewCell.h */,
				E3A1239B1A734A9E00076722 /* SBSelfSizingTextViewTableViewCell.m */,
				E383B7E41A7739DC007FEE86 /* SBVideoTableViewCell.h */,
				E383B7E51A7739DC007FEE86 /* SBVideoTableViewCell.m */,
				E372FB7F1A8468C0008F9353 /* SB30DayProgramCell.h */,
				E372FB801A8468C0008F9353 /* SB30DayProgramCell.m */,
			);
			name = "30 Day Challenge";
			sourceTree = "<group>";
		};
		E3F5532E1998EBE000AE3A28 = {
			isa = PBXGroup;
			children = (
				E3DE88E31B96902700500797 /* Bolts.framework */,
				E3DE88E41B96902700500797 /* Parse.framework */,
				E36F4FD91A77F866008EF6B6 /* Settings.bundle */,
				E337F590199C361400C417D0 /* SFGaugeView */,
				E372FB821A8469B2008F9353 /* CircleImageView */,
				E3BB26AE199AEFB30024D8EB /* ios_shared */,
				E3F553401998EBE000AE3A28 /* SexyBack */,
				E3F553651998EBE000AE3A28 /* SexyBackTests */,
				E3F553391998EBE000AE3A28 /* Frameworks */,
				E3F553381998EBE000AE3A28 /* Products */,
			);
			sourceTree = "<group>";
		};
		E3F553381998EBE000AE3A28 /* Products */ = {
			isa = PBXGroup;
			children = (
				E3F553371998EBE000AE3A28 /* SexyBack.app */,
				E3F5535E1998EBE000AE3A28 /* SexyBackTests.xctest */,
			);
			name = Products;
			sourceTree = "<group>";
		};
		E3F553391998EBE000AE3A28 /* Frameworks */ = {
			isa = PBXGroup;
			children = (
				E3DE88F11B9694E800500797 /* libsqlite3.0.dylib */,
				E383B7E71A773A5A007FEE86 /* MediaPlayer.framework */,
				E3CE29DF19C67299001B4ACD /* AudioToolbox.framework */,
				E3CE29E019C67299001B4ACD /* CFNetwork.framework */,
				E3CE29E119C67299001B4ACD /* libz.dylib */,
				E3CE29E219C67299001B4ACD /* MobileCoreServices.framework */,
				E3CE29E319C67299001B4ACD /* QuartzCore.framework */,
				E3CE29E419C67299001B4ACD /* Security.framework */,
				E3CE29E519C67299001B4ACD /* StoreKit.framework */,
				E3CE29E619C6729A001B4ACD /* SystemConfiguration.framework */,
				E3F5533A1998EBE000AE3A28 /* Foundation.framework */,
				E3F5533C1998EBE000AE3A28 /* CoreGraphics.framework */,
				E3F5533E1998EBE000AE3A28 /* UIKit.framework */,
				E3F5535F1998EBE000AE3A28 /* XCTest.framework */,
			);
			name = Frameworks;
			sourceTree = "<group>";
		};
		E3F553401998EBE000AE3A28 /* SexyBack */ = {
			isa = PBXGroup;
			children = (
				E30D84241BA1188C005897E6 /* Data */,
				E3DE88EA1B9692B100500797 /* Alpha */,
				E33C0601199AF57F00C9AD10 /* Model */,
				E3F553751998ECCF00AE3A28 /* View Controllers */,
				E3F553491998EBE000AE3A28 /* SBAppDelegate.h */,
				E3F5534A1998EBE000AE3A28 /* SBAppDelegate.m */,
				E3F5534C1998EBE000AE3A28 /* Main_iPhone.storyboard */,
				E3F5534F1998EBE000AE3A28 /* Main_iPad.storyboard */,
				E3F553581998EBE000AE3A28 /* Images.xcassets */,
				E3F553411998EBE000AE3A28 /* Supporting Files */,
				E33C0605199AF83A00C9AD10 /* Constants.h */,
			);
			path = SexyBack;
			sourceTree = "<group>";
		};
		E3F553411998EBE000AE3A28 /* Supporting Files */ = {
			isa = PBXGroup;
			children = (
				E3F553421998EBE000AE3A28 /* SexyBack-Info.plist */,
				E3F553431998EBE000AE3A28 /* InfoPlist.strings */,
				E3F553461998EBE000AE3A28 /* main.m */,
				E3F553481998EBE000AE3A28 /* SexyBack-Prefix.pch */,
			);
			name = "Supporting Files";
			sourceTree = "<group>";
		};
		E3F553651998EBE000AE3A28 /* SexyBackTests */ = {
			isa = PBXGroup;
			children = (
				E3F5536B1998EBE000AE3A28 /* SexyBackTests.m */,
				E3F553661998EBE000AE3A28 /* Supporting Files */,
			);
			path = SexyBackTests;
			sourceTree = "<group>";
		};
		E3F553661998EBE000AE3A28 /* Supporting Files */ = {
			isa = PBXGroup;
			children = (
				E3F553671998EBE000AE3A28 /* SexyBackTests-Info.plist */,
				E3F553681998EBE000AE3A28 /* InfoPlist.strings */,
			);
			name = "Supporting Files";
			sourceTree = "<group>";
		};
		E3F553751998ECCF00AE3A28 /* View Controllers */ = {
			isa = PBXGroup;
			children = (
				E337F588199B0F9E00C417D0 /* Onboarding */,
				E337F587199B0F7E00C417D0 /* Tabs */,
				E337F586199B0F7800C417D0 /* Settings */,
				E3F553761998F3FC00AE3A28 /* SBMainTabBarController.h */,
				E3F553771998F3FC00AE3A28 /* SBMainTabBarController.m */,
			);
			name = "View Controllers";
			sourceTree = "<group>";
		};
/* End PBXGroup section */

/* Begin PBXNativeTarget section */
		E3F553361998EBE000AE3A28 /* SexyBack */ = {
			isa = PBXNativeTarget;
			buildConfigurationList = E3F5536F1998EBE000AE3A28 /* Build configuration list for PBXNativeTarget "SexyBack" */;
			buildPhases = (
				E3F553331998EBE000AE3A28 /* Sources */,
				E3F553341998EBE000AE3A28 /* Frameworks */,
				E3F553351998EBE000AE3A28 /* Resources */,
			);
			buildRules = (
			);
			dependencies = (
			);
			name = SexyBack;
			productName = SexyBack;
			productReference = E3F553371998EBE000AE3A28 /* SexyBack.app */;
			productType = "com.apple.product-type.application";
		};
		E3F5535D1998EBE000AE3A28 /* SexyBackTests */ = {
			isa = PBXNativeTarget;
			buildConfigurationList = E3F553721998EBE000AE3A28 /* Build configuration list for PBXNativeTarget "SexyBackTests" */;
			buildPhases = (
				E3F5535A1998EBE000AE3A28 /* Sources */,
				E3F5535B1998EBE000AE3A28 /* Frameworks */,
				E3F5535C1998EBE000AE3A28 /* Resources */,
			);
			buildRules = (
			);
			dependencies = (
				E3F553641998EBE000AE3A28 /* PBXTargetDependency */,
			);
			name = SexyBackTests;
			productName = SexyBackTests;
			productReference = E3F5535E1998EBE000AE3A28 /* SexyBackTests.xctest */;
			productType = "com.apple.product-type.bundle.unit-test";
		};
/* End PBXNativeTarget section */

/* Begin PBXProject section */
		E3F5532F1998EBE000AE3A28 /* Project object */ = {
			isa = PBXProject;
			attributes = {
				CLASSPREFIX = SB;
				LastSwiftUpdateCheck = 0700;
				LastUpgradeCheck = 0510;
				ORGANIZATIONNAME = "Knight, Norvell and Pater, LLC";
				TargetAttributes = {
					E3F553361998EBE000AE3A28 = {
						DevelopmentTeam = BB57V2LNA8;
					};
					E3F5535D1998EBE000AE3A28 = {
						TestTargetID = E3F553361998EBE000AE3A28;
					};
				};
			};
			buildConfigurationList = E3F553321998EBE000AE3A28 /* Build configuration list for PBXProject "SexyBack" */;
			compatibilityVersion = "Xcode 3.2";
			developmentRegion = English;
			hasScannedForEncodings = 0;
			knownRegions = (
				en,
				Base,
			);
			mainGroup = E3F5532E1998EBE000AE3A28;
			productRefGroup = E3F553381998EBE000AE3A28 /* Products */;
			projectDirPath = "";
			projectRoot = "";
			targets = (
				E3F553361998EBE000AE3A28 /* SexyBack */,
				E3F5535D1998EBE000AE3A28 /* SexyBackTests */,
			);
		};
/* End PBXProject section */

/* Begin PBXResourcesBuildPhase section */
		E3F553351998EBE000AE3A28 /* Resources */ = {
			isa = PBXResourcesBuildPhase;
			buildActionMask = 2147483647;
			files = (
				E3DE88EC1B9692B100500797 /* Main.storyboard in Resources */,
				E372FB871A846AC7008F9353 /* 30DayProgram.xcassets in Resources */,
				E36C9D1F1B98F94500DBBF5A /* Novecentowide-Light-webfont.ttf in Resources */,
				E3F553511998EBE000AE3A28 /* Main_iPad.storyboard in Resources */,
				E3F553591998EBE000AE3A28 /* Images.xcassets in Resources */,
				E36F4FDA1A77F866008EF6B6 /* Settings.bundle in Resources */,
				E3DE88EE1B9692C100500797 /* Launch Screen.xib in Resources */,
				E3F5534E1998EBE000AE3A28 /* Main_iPhone.storyboard in Resources */,
				E30D84261BA118A3005897E6 /* Ranks.plist in Resources */,
				E37F9E131BA8A66B00B17895 /* Challenges.plist in Resources */,
				E33D4C691BB1C10D002B0DB9 /* AlphaChallenges.xcassets in Resources */,
				E30D841B1B9FC8A8005897E6 /* SexRankView.xib in Resources */,
				E3DE88F01B96931800500797 /* Media.xcassets in Resources */,
				E3F553451998EBE000AE3A28 /* InfoPlist.strings in Resources */,
			);
			runOnlyForDeploymentPostprocessing = 0;
		};
		E3F5535C1998EBE000AE3A28 /* Resources */ = {
			isa = PBXResourcesBuildPhase;
			buildActionMask = 2147483647;
			files = (
				E3F5536A1998EBE000AE3A28 /* InfoPlist.strings in Resources */,
			);
			runOnlyForDeploymentPostprocessing = 0;
		};
/* End PBXResourcesBuildPhase section */

/* Begin PBXSourcesBuildPhase section */
		E3F553331998EBE000AE3A28 /* Sources */ = {
			isa = PBXSourcesBuildPhase;
			buildActionMask = 2147483647;
			files = (
				E372FB811A8468C0008F9353 /* SB30DayProgramCell.m in Sources */,
				E37F9E081BA86D4C00B17895 /* BaseSexyBackViewController.swift in Sources */,
				E3A123991A73445200076722 /* SBProgramDetailTableViewController.m in Sources */,
				E33C062F199B073000C9AD10 /* SBProfileViewController.m in Sources */,
				E3BB26BE199AEFB30024D8EB /* UIDefaultAccessoryInputView.m in Sources */,
				E33C0626199AFE5200C9AD10 /* UIBorderedButton.m in Sources */,
				E3F553541998EBE000AE3A28 /* SBTrackViewController.m in Sources */,
				E3BB26BC199AEFB30024D8EB /* NSString+Additions.m in Sources */,
				E30D841D1B9FCB36005897E6 /* SexRankView.swift in Sources */,
				E36C9D361B9A405C00DBBF5A /* BouncyOverlayTransitioningDelegate.swift in Sources */,
				E3F553471998EBE000AE3A28 /* main.m in Sources */,
				E36C9D2A1B99334000DBBF5A /* SlidingOverlayPresentationController.swift in Sources */,
				E37F9E031BA7C08100B17895 /* DareIntroViewController.swift in Sources */,
				E30D84191B9FC50B005897E6 /* FakeAdView.swift in Sources */,
				E3F553781998F3FC00AE3A28 /* SBMainTabBarController.m in Sources */,
				E30D842A1BA21A7D005897E6 /* SexTrackerHistoryViewController.swift in Sources */,
				E36C9D231B992C6700DBBF5A /* PushNoAnimationSegue.swift in Sources */,
				E36C9D3A1B9A407E00DBBF5A /* ModalBackgroundView.swift in Sources */,
				E3F5538A199AE8F500AE3A28 /* SBConsultantViewController.m in Sources */,
				E36C9D271B992D5300DBBF5A /* AppController.swift in Sources */,
				E36C9D371B9A405C00DBBF5A /* BouncyOverlayPresentationController.swift in Sources */,
				E3BB26BF199AEFB30024D8EB /* UIFormTableViewController.m in Sources */,
				E3D1355A1A866649008DBE5D /* SBDareHistoryTableViewController.m in Sources */,
				E36C9D311B99487900DBBF5A /* MenuViewController.swift in Sources */,
				E34878991BA8F4BB00F69E63 /* CheckBox.swift in Sources */,
				E37F9E111BA8A20700B17895 /* ChallengeController.swift in Sources */,
				E3DE88F71B96962500500797 /* HiViewController.swift in Sources */,
				E36C9D3F1B9A562B00DBBF5A /* SBTextField.swift in Sources */,
				E372FB851A8469C7008F9353 /* WTCircleImageView.m in Sources */,
				E30D842F1BA3AD7A005897E6 /* DateUtils.swift in Sources */,
				E30D842D1BA3A608005897E6 /* SexHistoryTableViewCell.swift in Sources */,
				E37F9E061BA86AA900B17895 /* NavControllerReplaceSegue.swift in Sources */,
				E337F593199C361400C417D0 /* SFGaugeView.m in Sources */,
				E3BB26BB199AEFB30024D8EB /* NSObject+AlertHelper.m in Sources */,
				E3F03CE719D19F0D00413547 /* SB30DayContentViewController.m in Sources */,
				E3F5534B1998EBE000AE3A28 /* SBAppDelegate.m in Sources */,
				E30D84211BA1145A005897E6 /* SexRankController.swift in Sources */,
				E36C9D1B1B98EE0B00DBBF5A /* SexTrackerViewController.swift in Sources */,
				E3DE89051B96A66E00500797 /* UIBorderedButton.swift in Sources */,
				E3DE88FC1B969C1D00500797 /* ProfileImageView.swift in Sources */,
				E3D1355D1A8667B4008DBE5D /* SBDareHistoryCell.m in Sources */,
				E3A1239C1A734A9E00076722 /* SBSelfSizingTextViewTableViewCell.m in Sources */,
				E3A123961A733ECC00076722 /* SB30DayProgramsTableViewController.m in Sources */,
				E36C9D211B990A4F00DBBF5A /* FeatherSlider.swift in Sources */,
				E36C9D421B9A6A2F00DBBF5A /* SBUser.swift in Sources */,
				E30D84281BA214DF005897E6 /* DataBackedTableViewController.swift in Sources */,
				E33C062C199B06FE00C9AD10 /* UIPickerField.m in Sources */,
				E33D4C6C1C0639DB002B0DB9 /* ChallengeCompleteViewController.swift in Sources */,
				E36C9D2F1B993C5300DBBF5A /* SlidingOverlayTransitioningDelegate.swift in Sources */,
				E3DE89031B96A0D400500797 /* ArchedView.swift in Sources */,
				E3F553571998EBE000AE3A28 /* SBHotStuffViewController.m in Sources */,
				E33C0629199AFF3600C9AD10 /* SBQuizViewController.m in Sources */,
				E3F03CEA19D1A02900413547 /* SB30DayPageViewController.m in Sources */,
				E383B7E61A7739DC007FEE86 /* SBVideoTableViewCell.m in Sources */,
				E36C9D2D1B9939AE00DBBF5A /* SlidingOverlayAnimator.swift in Sources */,
				E3BB26C0199AEFB30024D8EB /* UIFormViewController.m in Sources */,
				E337F58E199B125500C417D0 /* User.m in Sources */,
				E36C9D3D1B9A504B00DBBF5A /* GoalModalViewController.swift in Sources */,
				E33C0604199AF59500C9AD10 /* AppState.m in Sources */,
				E3CDE4F31BB7128800CDE3BA /* AlertViewController.swift in Sources */,
				E337F58B199B0FB400C417D0 /* SBGoalsViewController.m in Sources */,
				E3502A611BB2326700CBFB86 /* ChallengeCheckpointViewController.swift in Sources */,
				E337F599199C452400C417D0 /* SBNewEventViewController.m in Sources */,
				E36C9D381B9A405C00DBBF5A /* BouncyViewControllerAnimator.swift in Sources */,
				E3BB26BD199AEFB30024D8EB /* UIDateField.m in Sources */,
				E337F596199C3C5700C417D0 /* SBRewardsViewController.m in Sources */,
				E37F9E0A1BA8738900B17895 /* ChallengeDetailViewController.swift in Sources */,
				E37F9E0C1BA8780500B17895 /* BorderedImageView.swift in Sources */,
			);
			runOnlyForDeploymentPostprocessing = 0;
		};
		E3F5535A1998EBE000AE3A28 /* Sources */ = {
			isa = PBXSourcesBuildPhase;
			buildActionMask = 2147483647;
			files = (
				E3F5536C1998EBE000AE3A28 /* SexyBackTests.m in Sources */,
			);
			runOnlyForDeploymentPostprocessing = 0;
		};
/* End PBXSourcesBuildPhase section */

/* Begin PBXTargetDependency section */
		E3F553641998EBE000AE3A28 /* PBXTargetDependency */ = {
			isa = PBXTargetDependency;
			target = E3F553361998EBE000AE3A28 /* SexyBack */;
			targetProxy = E3F553631998EBE000AE3A28 /* PBXContainerItemProxy */;
		};
/* End PBXTargetDependency section */

/* Begin PBXVariantGroup section */
		E3F553431998EBE000AE3A28 /* InfoPlist.strings */ = {
			isa = PBXVariantGroup;
			children = (
				E3F553441998EBE000AE3A28 /* en */,
			);
			name = InfoPlist.strings;
			sourceTree = "<group>";
		};
		E3F5534C1998EBE000AE3A28 /* Main_iPhone.storyboard */ = {
			isa = PBXVariantGroup;
			children = (
				E3F5534D1998EBE000AE3A28 /* Base */,
			);
			name = Main_iPhone.storyboard;
			sourceTree = "<group>";
		};
		E3F5534F1998EBE000AE3A28 /* Main_iPad.storyboard */ = {
			isa = PBXVariantGroup;
			children = (
				E3F553501998EBE000AE3A28 /* Base */,
			);
			name = Main_iPad.storyboard;
			sourceTree = "<group>";
		};
		E3F553681998EBE000AE3A28 /* InfoPlist.strings */ = {
			isa = PBXVariantGroup;
			children = (
				E3F553691998EBE000AE3A28 /* en */,
			);
			name = InfoPlist.strings;
			sourceTree = "<group>";
		};
/* End PBXVariantGroup section */

/* Begin XCBuildConfiguration section */
		E3F5536D1998EBE000AE3A28 /* Debug */ = {
			isa = XCBuildConfiguration;
			buildSettings = {
				ALWAYS_SEARCH_USER_PATHS = NO;
				CLANG_CXX_LANGUAGE_STANDARD = "gnu++0x";
				CLANG_CXX_LIBRARY = "libc++";
				CLANG_ENABLE_MODULES = YES;
				CLANG_ENABLE_OBJC_ARC = YES;
				CLANG_WARN_BOOL_CONVERSION = YES;
				CLANG_WARN_CONSTANT_CONVERSION = YES;
				CLANG_WARN_DIRECT_OBJC_ISA_USAGE = YES_ERROR;
				CLANG_WARN_EMPTY_BODY = YES;
				CLANG_WARN_ENUM_CONVERSION = YES;
				CLANG_WARN_INT_CONVERSION = YES;
				CLANG_WARN_OBJC_ROOT_CLASS = YES_ERROR;
				CLANG_WARN__DUPLICATE_METHOD_MATCH = YES;
				"CODE_SIGN_IDENTITY[sdk=iphoneos*]" = "iPhone Developer";
				COPY_PHASE_STRIP = NO;
				GCC_C_LANGUAGE_STANDARD = gnu99;
				GCC_DYNAMIC_NO_PIC = NO;
				GCC_OPTIMIZATION_LEVEL = 0;
				GCC_PREPROCESSOR_DEFINITIONS = (
					"DEBUG=1",
					"$(inherited)",
				);
				GCC_SYMBOLS_PRIVATE_EXTERN = NO;
				GCC_WARN_64_TO_32_BIT_CONVERSION = YES;
				GCC_WARN_ABOUT_RETURN_TYPE = YES_ERROR;
				GCC_WARN_UNDECLARED_SELECTOR = YES;
				GCC_WARN_UNINITIALIZED_AUTOS = YES_AGGRESSIVE;
				GCC_WARN_UNUSED_FUNCTION = YES;
				GCC_WARN_UNUSED_VARIABLE = YES;
				IPHONEOS_DEPLOYMENT_TARGET = 8.0;
				ONLY_ACTIVE_ARCH = YES;
				SDKROOT = iphoneos;
				TARGETED_DEVICE_FAMILY = "1,2";
			};
			name = Debug;
		};
		E3F5536E1998EBE000AE3A28 /* Release */ = {
			isa = XCBuildConfiguration;
			buildSettings = {
				ALWAYS_SEARCH_USER_PATHS = NO;
				CLANG_CXX_LANGUAGE_STANDARD = "gnu++0x";
				CLANG_CXX_LIBRARY = "libc++";
				CLANG_ENABLE_MODULES = YES;
				CLANG_ENABLE_OBJC_ARC = YES;
				CLANG_WARN_BOOL_CONVERSION = YES;
				CLANG_WARN_CONSTANT_CONVERSION = YES;
				CLANG_WARN_DIRECT_OBJC_ISA_USAGE = YES_ERROR;
				CLANG_WARN_EMPTY_BODY = YES;
				CLANG_WARN_ENUM_CONVERSION = YES;
				CLANG_WARN_INT_CONVERSION = YES;
				CLANG_WARN_OBJC_ROOT_CLASS = YES_ERROR;
				CLANG_WARN__DUPLICATE_METHOD_MATCH = YES;
				"CODE_SIGN_IDENTITY[sdk=iphoneos*]" = "iPhone Developer";
				COPY_PHASE_STRIP = YES;
				ENABLE_NS_ASSERTIONS = NO;
				GCC_C_LANGUAGE_STANDARD = gnu99;
				GCC_WARN_64_TO_32_BIT_CONVERSION = YES;
				GCC_WARN_ABOUT_RETURN_TYPE = YES_ERROR;
				GCC_WARN_UNDECLARED_SELECTOR = YES;
				GCC_WARN_UNINITIALIZED_AUTOS = YES_AGGRESSIVE;
				GCC_WARN_UNUSED_FUNCTION = YES;
				GCC_WARN_UNUSED_VARIABLE = YES;
				IPHONEOS_DEPLOYMENT_TARGET = 8.0;
				SDKROOT = iphoneos;
				TARGETED_DEVICE_FAMILY = "1,2";
				VALIDATE_PRODUCT = YES;
			};
			name = Release;
		};
		E3F553701998EBE000AE3A28 /* Debug */ = {
			isa = XCBuildConfiguration;
			buildSettings = {
				ASSETCATALOG_COMPILER_APPICON_NAME = AppIcon;
				CLANG_ENABLE_MODULES = YES;
				CODE_SIGN_IDENTITY = "iPhone Developer";
				"CODE_SIGN_IDENTITY[sdk=iphoneos*]" = "iPhone Developer";
				ENABLE_BITCODE = NO;
				FRAMEWORK_SEARCH_PATHS = (
					"$(inherited)",
					"$(PROJECT_DIR)",
				);
				GCC_PRECOMPILE_PREFIX_HEADER = YES;
				GCC_PREFIX_HEADER = "SexyBack/SexyBack-Prefix.pch";
				INFOPLIST_FILE = "SexyBack/SexyBack-Info.plist";
				IPHONEOS_DEPLOYMENT_TARGET = 8.0;
				LD_RUNPATH_SEARCH_PATHS = "$(inherited) @executable_path/Frameworks";
				PRODUCT_NAME = "$(TARGET_NAME)";
				PROVISIONING_PROFILE = "1dbd772b-7ac7-43ba-9f68-d351b03d7ae1";
				SWIFT_OBJC_BRIDGING_HEADER = "SexyBack/Alpha/SexyBack-Bridging-Header.h";
				SWIFT_OPTIMIZATION_LEVEL = "-Onone";
				TARGETED_DEVICE_FAMILY = "1,2";
				WRAPPER_EXTENSION = app;
			};
			name = Debug;
		};
		E3F553711998EBE000AE3A28 /* Release */ = {
			isa = XCBuildConfiguration;
			buildSettings = {
				ASSETCATALOG_COMPILER_APPICON_NAME = AppIcon;
				CLANG_ENABLE_MODULES = YES;
				CODE_SIGN_IDENTITY = "iPhone Distribution";
				"CODE_SIGN_IDENTITY[sdk=iphoneos*]" = "iPhone Distribution";
				ENABLE_BITCODE = NO;
				FRAMEWORK_SEARCH_PATHS = (
					"$(inherited)",
					"$(PROJECT_DIR)",
				);
				GCC_PRECOMPILE_PREFIX_HEADER = YES;
				GCC_PREFIX_HEADER = "SexyBack/SexyBack-Prefix.pch";
				INFOPLIST_FILE = "SexyBack/SexyBack-Info.plist";
				IPHONEOS_DEPLOYMENT_TARGET = 8.0;
				LD_RUNPATH_SEARCH_PATHS = "$(inherited) @executable_path/Frameworks";
				PRODUCT_NAME = "$(TARGET_NAME)";
				PROVISIONING_PROFILE = "1dbd772b-7ac7-43ba-9f68-d351b03d7ae1";
				SWIFT_OBJC_BRIDGING_HEADER = "SexyBack/Alpha/SexyBack-Bridging-Header.h";
				TARGETED_DEVICE_FAMILY = "1,2";
				WRAPPER_EXTENSION = app;
			};
			name = Release;
		};
		E3F553731998EBE000AE3A28 /* Debug */ = {
			isa = XCBuildConfiguration;
			buildSettings = {
				BUNDLE_LOADER = "$(BUILT_PRODUCTS_DIR)/SexyBack.app/SexyBack";
				FRAMEWORK_SEARCH_PATHS = (
					"$(SDKROOT)/Developer/Library/Frameworks",
					"$(inherited)",
					"$(DEVELOPER_FRAMEWORKS_DIR)",
				);
				GCC_PRECOMPILE_PREFIX_HEADER = YES;
				GCC_PREFIX_HEADER = "SexyBack/SexyBack-Prefix.pch";
				GCC_PREPROCESSOR_DEFINITIONS = (
					"DEBUG=1",
					"$(inherited)",
				);
				INFOPLIST_FILE = "SexyBackTests/SexyBackTests-Info.plist";
				PRODUCT_NAME = "$(TARGET_NAME)";
				TEST_HOST = "$(BUNDLE_LOADER)";
				WRAPPER_EXTENSION = xctest;
			};
			name = Debug;
		};
		E3F553741998EBE000AE3A28 /* Release */ = {
			isa = XCBuildConfiguration;
			buildSettings = {
				BUNDLE_LOADER = "$(BUILT_PRODUCTS_DIR)/SexyBack.app/SexyBack";
				FRAMEWORK_SEARCH_PATHS = (
					"$(SDKROOT)/Developer/Library/Frameworks",
					"$(inherited)",
					"$(DEVELOPER_FRAMEWORKS_DIR)",
				);
				GCC_PRECOMPILE_PREFIX_HEADER = YES;
				GCC_PREFIX_HEADER = "SexyBack/SexyBack-Prefix.pch";
				INFOPLIST_FILE = "SexyBackTests/SexyBackTests-Info.plist";
				PRODUCT_NAME = "$(TARGET_NAME)";
				TEST_HOST = "$(BUNDLE_LOADER)";
				WRAPPER_EXTENSION = xctest;
			};
			name = Release;
		};
/* End XCBuildConfiguration section */

/* Begin XCConfigurationList section */
		E3F553321998EBE000AE3A28 /* Build configuration list for PBXProject "SexyBack" */ = {
			isa = XCConfigurationList;
			buildConfigurations = (
				E3F5536D1998EBE000AE3A28 /* Debug */,
				E3F5536E1998EBE000AE3A28 /* Release */,
			);
			defaultConfigurationIsVisible = 0;
			defaultConfigurationName = Release;
		};
		E3F5536F1998EBE000AE3A28 /* Build configuration list for PBXNativeTarget "SexyBack" */ = {
			isa = XCConfigurationList;
			buildConfigurations = (
				E3F553701998EBE000AE3A28 /* Debug */,
				E3F553711998EBE000AE3A28 /* Release */,
			);
			defaultConfigurationIsVisible = 0;
			defaultConfigurationName = Release;
		};
		E3F553721998EBE000AE3A28 /* Build configuration list for PBXNativeTarget "SexyBackTests" */ = {
			isa = XCConfigurationList;
			buildConfigurations = (
				E3F553731998EBE000AE3A28 /* Debug */,
				E3F553741998EBE000AE3A28 /* Release */,
			);
			defaultConfigurationIsVisible = 0;
			defaultConfigurationName = Release;
		};
/* End XCConfigurationList section */
	};
	rootObject = E3F5532F1998EBE000AE3A28 /* Project object */;
}
